
Microsoft Visual Studio Solution File, Format Version 12.00
# Visual Studio 14
VisualStudioVersion = 14.0.24720.0
MinimumVisualStudioVersion = 10.0.40219.1
Project("{FAE04EC0-301F-11D3-BF4B-00C04F79EFBC}") = "LC", "LC\LC.csproj", "{1BA03604-F010-4B28-9AA0-E9C2D6CFBC29}"
EndProject
Project("{FAE04EC0-301F-11D3-BF4B-00C04F79EFBC}") = "LCUnitTest", "LCUnitTest\LCUnitTest.csproj", "{457F18BC-4125-4ADE-816D-5AC7BDDFB79C}"
EndProject
Project("{FAE04EC0-301F-11D3-BF4B-00C04F79EFBC}") = "CommonClass", "..\CommonClass\CommonClass.csproj", "{6EBCE180-8CFC-40B1-B558-21DD69BB84F3}"
EndProject
Global
	GlobalSection(SolutionConfigurationPlatforms) = preSolution
		Debug|Any CPU = Debug|Any CPU
		Release|Any CPU = Release|Any CPU
	EndGlobalSection
	GlobalSection(ProjectConfigurationPlatforms) = postSolution
		{1BA03604-F010-4B28-9AA0-E9C2D6CFBC29}.Debug|Any CPU.ActiveCfg = Debug|Any CPU
		{1BA03604-F010-4B28-9AA0-E9C2D6CFBC29}.Debug|Any CPU.Build.0 = Debug|Any CPU
		{1BA03604-F010-4B28-9AA0-E9C2D6CFBC29}.Release|Any CPU.ActiveCfg = Release|Any CPU
		{1BA03604-F010-4B28-9AA0-E9C2D6CFBC29}.Release|Any CPU.Build.0 = Release|Any CPU
		{457F18BC-4125-4ADE-816D-5AC7BDDFB79C}.Debug|Any CPU.ActiveCfg = Debug|Any CPU
		{457F18BC-4125-4ADE-816D-5AC7BDDFB79C}.Debug|Any CPU.Build.0 = Debug|Any CPU
		{457F18BC-4125-4ADE-816D-5AC7BDDFB79C}.Release|Any CPU.ActiveCfg = Release|Any CPU
		{457F18BC-4125-4ADE-816D-5AC7BDDFB79C}.Release|Any CPU.Build.0 = Release|Any CPU
		{6EBCE180-8CFC-40B1-B558-21DD69BB84F3}.Debug|Any CPU.ActiveCfg = Debug|Any CPU
		{6EBCE180-8CFC-40B1-B558-21DD69BB84F3}.Debug|Any CPU.Build.0 = Debug|Any CPU
		{6EBCE180-8CFC-40B1-B558-21DD69BB84F3}.Release|Any CPU.ActiveCfg = Release|Any CPU
		{6EBCE180-8CFC-40B1-B558-21DD69BB84F3}.Release|Any CPU.Build.0 = Release|Any CPU
	EndGlobalSection
	GlobalSection(SolutionProperties) = preSolution
		HideSolutionNode = FALSE
	EndGlobalSection
EndGlobal
