
Microsoft Visual Studio Solution File, Format Version 12.00
# Visual Studio 14
VisualStudioVersion = 14.0.24720.0
MinimumVisualStudioVersion = 10.0.40219.1
Project("{FAE04EC0-301F-11D3-BF4B-00C04F79EFBC}") = "IV_Graph_Light", "IV_Graph_Light\IV_Graph_Light.csproj", "{D88BC72F-00C4-4762-A4CB-2B52898C5634}"
EndProject
Project("{FAE04EC0-301F-11D3-BF4B-00C04F79EFBC}") = "IV_Graph_LightUnitTest", "IV_Graph_LightUnitTest\IV_Graph_LightUnitTest.csproj", "{205F7A8D-F3DD-4A60-ABF0-AF3DC6C72327}"
EndProject
Global
	GlobalSection(SolutionConfigurationPlatforms) = preSolution
		Debug|Any CPU = Debug|Any CPU
		Release|Any CPU = Release|Any CPU
	EndGlobalSection
	GlobalSection(ProjectConfigurationPlatforms) = postSolution
		{D88BC72F-00C4-4762-A4CB-2B52898C5634}.Debug|Any CPU.ActiveCfg = Debug|Any CPU
		{D88BC72F-00C4-4762-A4CB-2B52898C5634}.Debug|Any CPU.Build.0 = Debug|Any CPU
		{D88BC72F-00C4-4762-A4CB-2B52898C5634}.Release|Any CPU.ActiveCfg = Release|Any CPU
		{D88BC72F-00C4-4762-A4CB-2B52898C5634}.Release|Any CPU.Build.0 = Release|Any CPU
		{205F7A8D-F3DD-4A60-ABF0-AF3DC6C72327}.Debug|Any CPU.ActiveCfg = Debug|Any CPU
		{205F7A8D-F3DD-4A60-ABF0-AF3DC6C72327}.Debug|Any CPU.Build.0 = Debug|Any CPU
		{205F7A8D-F3DD-4A60-ABF0-AF3DC6C72327}.Release|Any CPU.ActiveCfg = Release|Any CPU
		{205F7A8D-F3DD-4A60-ABF0-AF3DC6C72327}.Release|Any CPU.Build.0 = Release|Any CPU
	EndGlobalSection
	GlobalSection(SolutionProperties) = preSolution
		HideSolutionNode = FALSE
	EndGlobalSection
EndGlobal
